// !$*UTF8*$!
{
	archiveVersion = 1;
	classes = {
	};
	objectVersion = 50;
	objects = {

/* Begin PBXBuildFile section */
		801C00D124ACEB0B007FEE51 /* UIImage Extension.swift in Sources */ = {isa = PBXBuildFile; fileRef = 801C00D024ACEB0B007FEE51 /* UIImage Extension.swift */; };
		803B902524AA43A6007394E2 /* Supplementary Views.swift in Sources */ = {isa = PBXBuildFile; fileRef = 803B902424AA439E007394E2 /* Supplementary Views.swift */; };
		803B902D24AA735D007394E2 /* WidgetKit.framework in Frameworks */ = {isa = PBXBuildFile; fileRef = 803B902C24AA735C007394E2 /* WidgetKit.framework */; };
		803B902F24AA735D007394E2 /* SwiftUI.framework in Frameworks */ = {isa = PBXBuildFile; fileRef = 803B902E24AA735D007394E2 /* SwiftUI.framework */; };
		803B903224AA735D007394E2 /* APOD_Widget.swift in Sources */ = {isa = PBXBuildFile; fileRef = 803B903124AA735D007394E2 /* APOD_Widget.swift */; };
		803B903424AA7372007394E2 /* Assets.xcassets in Resources */ = {isa = PBXBuildFile; fileRef = 803B903324AA7372007394E2 /* Assets.xcassets */; };
		803B903824AA7372007394E2 /* APOD WidgetExtension.appex in Embed App Extensions */ = {isa = PBXBuildFile; fileRef = 803B902A24AA735C007394E2 /* APOD WidgetExtension.appex */; settings = {ATTRIBUTES = (RemoveHeadersOnCopy, ); }; };
		803B903D24AA7396007394E2 /* APODFetcher.swift in Sources */ = {isa = PBXBuildFile; fileRef = 8044E8EE24A8D7C000924133 /* APODFetcher.swift */; };
		803B903F24AACBD6007394E2 /* Supplementary Views.swift in Sources */ = {isa = PBXBuildFile; fileRef = 803B902424AA439E007394E2 /* Supplementary Views.swift */; };
		803E6CA024AD3F300033F4EE /* UIImage Extension.swift in Sources */ = {isa = PBXBuildFile; fileRef = 801C00D024ACEB0B007FEE51 /* UIImage Extension.swift */; };
		803E6CA224AD56E50033F4EE /* String Extension.swift in Sources */ = {isa = PBXBuildFile; fileRef = 803E6CA124AD56E40033F4EE /* String Extension.swift */; };
		803E6CA324AD56E50033F4EE /* String Extension.swift in Sources */ = {isa = PBXBuildFile; fileRef = 803E6CA124AD56E40033F4EE /* String Extension.swift */; };
		8044E8DF24A80A1800924133 /* APODApp.swift in Sources */ = {isa = PBXBuildFile; fileRef = 8044E8DE24A80A1800924133 /* APODApp.swift */; };
		8044E8E124A80A1900924133 /* ContentView.swift in Sources */ = {isa = PBXBuildFile; fileRef = 8044E8E024A80A1900924133 /* ContentView.swift */; };
		8044E8E324A80A2C00924133 /* Assets.xcassets in Resources */ = {isa = PBXBuildFile; fileRef = 8044E8E224A80A2B00924133 /* Assets.xcassets */; };
		8044E8E624A80A2C00924133 /* Preview Assets.xcassets in Resources */ = {isa = PBXBuildFile; fileRef = 8044E8E524A80A2C00924133 /* Preview Assets.xcassets */; };
		8044E8EF24A8D7C100924133 /* APODFetcher.swift in Sources */ = {isa = PBXBuildFile; fileRef = 8044E8EE24A8D7C000924133 /* APODFetcher.swift */; };
		806B9EAF24B54A2800BA652B /* Preview Assets.xcassets in Resources */ = {isa = PBXBuildFile; fileRef = 8044E8E524A80A2C00924133 /* Preview Assets.xcassets */; };
/* End PBXBuildFile section */

/* Begin PBXContainerItemProxy section */
		803B903624AA7372007394E2 /* PBXContainerItemProxy */ = {
			isa = PBXContainerItemProxy;
			containerPortal = 8044E8D324A80A1800924133 /* Project object */;
			proxyType = 1;
			remoteGlobalIDString = 803B902924AA735B007394E2;
			remoteInfo = "APOD WidgetExtension";
		};
/* End PBXContainerItemProxy section */

/* Begin PBXCopyFilesBuildPhase section */
		803B903C24AA7372007394E2 /* Embed App Extensions */ = {
			isa = PBXCopyFilesBuildPhase;
			buildActionMask = 2147483647;
			dstPath = "";
			dstSubfolderSpec = 13;
			files = (
				803B903824AA7372007394E2 /* APOD WidgetExtension.appex in Embed App Extensions */,
			);
			name = "Embed App Extensions";
			runOnlyForDeploymentPostprocessing = 0;
		};
/* End PBXCopyFilesBuildPhase section */

/* Begin PBXFileReference section */
		801C00D024ACEB0B007FEE51 /* UIImage Extension.swift */ = {isa = PBXFileReference; lastKnownFileType = sourcecode.swift; path = "UIImage Extension.swift"; sourceTree = "<group>"; };
		803B902424AA439E007394E2 /* Supplementary Views.swift */ = {isa = PBXFileReference; lastKnownFileType = sourcecode.swift; path = "Supplementary Views.swift"; sourceTree = "<group>"; };
		803B902A24AA735C007394E2 /* APOD WidgetExtension.appex */ = {isa = PBXFileReference; explicitFileType = "wrapper.app-extension"; includeInIndex = 0; path = "APOD WidgetExtension.appex"; sourceTree = BUILT_PRODUCTS_DIR; };
		803B902C24AA735C007394E2 /* WidgetKit.framework */ = {isa = PBXFileReference; lastKnownFileType = wrapper.framework; name = WidgetKit.framework; path = System/Library/Frameworks/WidgetKit.framework; sourceTree = SDKROOT; };
		803B902E24AA735D007394E2 /* SwiftUI.framework */ = {isa = PBXFileReference; lastKnownFileType = wrapper.framework; name = SwiftUI.framework; path = System/Library/Frameworks/SwiftUI.framework; sourceTree = SDKROOT; };
		803B903124AA735D007394E2 /* APOD_Widget.swift */ = {isa = PBXFileReference; lastKnownFileType = sourcecode.swift; path = APOD_Widget.swift; sourceTree = "<group>"; };
		803B903324AA7372007394E2 /* Assets.xcassets */ = {isa = PBXFileReference; lastKnownFileType = folder.assetcatalog; path = Assets.xcassets; sourceTree = "<group>"; };
		803B903524AA7372007394E2 /* Info.plist */ = {isa = PBXFileReference; lastKnownFileType = text.plist.xml; path = Info.plist; sourceTree = "<group>"; };
		803E6CA124AD56E40033F4EE /* String Extension.swift */ = {isa = PBXFileReference; lastKnownFileType = sourcecode.swift; path = "String Extension.swift"; sourceTree = "<group>"; };
		8044E8DB24A80A1800924133 /* APOD.app */ = {isa = PBXFileReference; explicitFileType = wrapper.application; includeInIndex = 0; path = APOD.app; sourceTree = BUILT_PRODUCTS_DIR; };
		8044E8DE24A80A1800924133 /* APODApp.swift */ = {isa = PBXFileReference; lastKnownFileType = sourcecode.swift; path = APODApp.swift; sourceTree = "<group>"; };
		8044E8E024A80A1900924133 /* ContentView.swift */ = {isa = PBXFileReference; lastKnownFileType = sourcecode.swift; path = ContentView.swift; sourceTree = "<group>"; };
		8044E8E224A80A2B00924133 /* Assets.xcassets */ = {isa = PBXFileReference; lastKnownFileType = folder.assetcatalog; path = Assets.xcassets; sourceTree = "<group>"; };
		8044E8E524A80A2C00924133 /* Preview Assets.xcassets */ = {isa = PBXFileReference; lastKnownFileType = folder.assetcatalog; path = "Preview Assets.xcassets"; sourceTree = "<group>"; };
		8044E8E724A80A2C00924133 /* Info.plist */ = {isa = PBXFileReference; lastKnownFileType = text.plist.xml; path = Info.plist; sourceTree = "<group>"; };
		8044E8ED24A80B5A00924133 /* APOD.playground */ = {isa = PBXFileReference; lastKnownFileType = file.playground; path = APOD.playground; sourceTree = "<group>"; xcLanguageSpecificationIdentifier = xcode.lang.swift; };
		8044E8EE24A8D7C000924133 /* APODFetcher.swift */ = {isa = PBXFileReference; lastKnownFileType = sourcecode.swift; path = APODFetcher.swift; sourceTree = "<group>"; };
/* End PBXFileReference section */

/* Begin PBXFrameworksBuildPhase section */
		803B902724AA735B007394E2 /* Frameworks */ = {
			isa = PBXFrameworksBuildPhase;
			buildActionMask = 2147483647;
			files = (
				803B902F24AA735D007394E2 /* SwiftUI.framework in Frameworks */,
				803B902D24AA735D007394E2 /* WidgetKit.framework in Frameworks */,
			);
			runOnlyForDeploymentPostprocessing = 0;
		};
		8044E8D824A80A1800924133 /* Frameworks */ = {
			isa = PBXFrameworksBuildPhase;
			buildActionMask = 2147483647;
			files = (
			);
			runOnlyForDeploymentPostprocessing = 0;
		};
/* End PBXFrameworksBuildPhase section */

/* Begin PBXGroup section */
		803B902B24AA735C007394E2 /* Frameworks */ = {
			isa = PBXGroup;
			children = (
				803B902C24AA735C007394E2 /* WidgetKit.framework */,
				803B902E24AA735D007394E2 /* SwiftUI.framework */,
			);
			name = Frameworks;
			sourceTree = "<group>";
		};
		803B903024AA735D007394E2 /* APOD Widget */ = {
			isa = PBXGroup;
			children = (
				803B903124AA735D007394E2 /* APOD_Widget.swift */,
				803B903324AA7372007394E2 /* Assets.xcassets */,
				803B903524AA7372007394E2 /* Info.plist */,
			);
			path = "APOD Widget";
			sourceTree = "<group>";
		};
		8044E8D224A80A1800924133 = {
			isa = PBXGroup;
			children = (
				8044E8DD24A80A1800924133 /* APOD */,
				803B903024AA735D007394E2 /* APOD Widget */,
				803B902B24AA735C007394E2 /* Frameworks */,
				8044E8DC24A80A1800924133 /* Products */,
			);
			sourceTree = "<group>";
		};
		8044E8DC24A80A1800924133 /* Products */ = {
			isa = PBXGroup;
			children = (
				8044E8DB24A80A1800924133 /* APOD.app */,
				803B902A24AA735C007394E2 /* APOD WidgetExtension.appex */,
			);
			name = Products;
			sourceTree = "<group>";
		};
		8044E8DD24A80A1800924133 /* APOD */ = {
			isa = PBXGroup;
			children = (
				8044E8DE24A80A1800924133 /* APODApp.swift */,
				8044E8E024A80A1900924133 /* ContentView.swift */,
				803B902424AA439E007394E2 /* Supplementary Views.swift */,
				8044E8EE24A8D7C000924133 /* APODFetcher.swift */,
				801C00D024ACEB0B007FEE51 /* UIImage Extension.swift */,
				803E6CA124AD56E40033F4EE /* String Extension.swift */,
				8044E8ED24A80B5A00924133 /* APOD.playground */,
				8044E8E224A80A2B00924133 /* Assets.xcassets */,
				8044E8E724A80A2C00924133 /* Info.plist */,
				8044E8E424A80A2C00924133 /* Preview Content */,
			);
			path = APOD;
			sourceTree = "<group>";
		};
		8044E8E424A80A2C00924133 /* Preview Content */ = {
			isa = PBXGroup;
			children = (
				8044E8E524A80A2C00924133 /* Preview Assets.xcassets */,
			);
			path = "Preview Content";
			sourceTree = "<group>";
		};
/* End PBXGroup section */

/* Begin PBXNativeTarget section */
		803B902924AA735B007394E2 /* APOD WidgetExtension */ = {
			isa = PBXNativeTarget;
			buildConfigurationList = 803B903924AA7372007394E2 /* Build configuration list for PBXNativeTarget "APOD WidgetExtension" */;
			buildPhases = (
				803B902624AA735B007394E2 /* Sources */,
				803B902724AA735B007394E2 /* Frameworks */,
				803B902824AA735B007394E2 /* Resources */,
			);
			buildRules = (
			);
			dependencies = (
			);
			name = "APOD WidgetExtension";
			productName = "APOD WidgetExtension";
			productReference = 803B902A24AA735C007394E2 /* APOD WidgetExtension.appex */;
			productType = "com.apple.product-type.app-extension";
		};
		8044E8DA24A80A1800924133 /* APOD */ = {
			isa = PBXNativeTarget;
			buildConfigurationList = 8044E8EA24A80A2C00924133 /* Build configuration list for PBXNativeTarget "APOD" */;
			buildPhases = (
				8044E8D724A80A1800924133 /* Sources */,
				8044E8D824A80A1800924133 /* Frameworks */,
				8044E8D924A80A1800924133 /* Resources */,
				803B903C24AA7372007394E2 /* Embed App Extensions */,
			);
			buildRules = (
			);
			dependencies = (
				803B903724AA7372007394E2 /* PBXTargetDependency */,
			);
			name = APOD;
			productName = APOD;
			productReference = 8044E8DB24A80A1800924133 /* APOD.app */;
			productType = "com.apple.product-type.application";
		};
/* End PBXNativeTarget section */

/* Begin PBXProject section */
		8044E8D324A80A1800924133 /* Project object */ = {
			isa = PBXProject;
			attributes = {
				LastSwiftUpdateCheck = 1200;
				LastUpgradeCheck = 1200;
				TargetAttributes = {
					803B902924AA735B007394E2 = {
						CreatedOnToolsVersion = 12.0;
					};
					8044E8DA24A80A1800924133 = {
						CreatedOnToolsVersion = 12.0;
					};
				};
			};
			buildConfigurationList = 8044E8D624A80A1800924133 /* Build configuration list for PBXProject "APOD" */;
			compatibilityVersion = "Xcode 9.3";
			developmentRegion = en;
			hasScannedForEncodings = 0;
			knownRegions = (
				en,
				Base,
			);
			mainGroup = 8044E8D224A80A1800924133;
			productRefGroup = 8044E8DC24A80A1800924133 /* Products */;
			projectDirPath = "";
			projectRoot = "";
			targets = (
				8044E8DA24A80A1800924133 /* APOD */,
				803B902924AA735B007394E2 /* APOD WidgetExtension */,
			);
		};
/* End PBXProject section */

/* Begin PBXResourcesBuildPhase section */
		803B902824AA735B007394E2 /* Resources */ = {
			isa = PBXResourcesBuildPhase;
			buildActionMask = 2147483647;
			files = (
				806B9EAF24B54A2800BA652B /* Preview Assets.xcassets in Resources */,
				803B903424AA7372007394E2 /* Assets.xcassets in Resources */,
			);
			runOnlyForDeploymentPostprocessing = 0;
		};
		8044E8D924A80A1800924133 /* Resources */ = {
			isa = PBXResourcesBuildPhase;
			buildActionMask = 2147483647;
			files = (
				8044E8E624A80A2C00924133 /* Preview Assets.xcassets in Resources */,
				8044E8E324A80A2C00924133 /* Assets.xcassets in Resources */,
			);
			runOnlyForDeploymentPostprocessing = 0;
		};
/* End PBXResourcesBuildPhase section */

/* Begin PBXSourcesBuildPhase section */
		803B902624AA735B007394E2 /* Sources */ = {
			isa = PBXSourcesBuildPhase;
			buildActionMask = 2147483647;
			files = (
				801C00D124ACEB0B007FEE51 /* UIImage Extension.swift in Sources */,
				803B903F24AACBD6007394E2 /* Supplementary Views.swift in Sources */,
				803E6CA324AD56E50033F4EE /* String Extension.swift in Sources */,
				803B903224AA735D007394E2 /* APOD_Widget.swift in Sources */,
				803B903D24AA7396007394E2 /* APODFetcher.swift in Sources */,
			);
			runOnlyForDeploymentPostprocessing = 0;
		};
		8044E8D724A80A1800924133 /* Sources */ = {
			isa = PBXSourcesBuildPhase;
			buildActionMask = 2147483647;
			files = (
				803E6CA024AD3F300033F4EE /* UIImage Extension.swift in Sources */,
				8044E8EF24A8D7C100924133 /* APODFetcher.swift in Sources */,
				8044E8E124A80A1900924133 /* ContentView.swift in Sources */,
				8044E8DF24A80A1800924133 /* APODApp.swift in Sources */,
				803B902524AA43A6007394E2 /* Supplementary Views.swift in Sources */,
				803E6CA224AD56E50033F4EE /* String Extension.swift in Sources */,
			);
			runOnlyForDeploymentPostprocessing = 0;
		};
/* End PBXSourcesBuildPhase section */

/* Begin PBXTargetDependency section */
		803B903724AA7372007394E2 /* PBXTargetDependency */ = {
			isa = PBXTargetDependency;
			target = 803B902924AA735B007394E2 /* APOD WidgetExtension */;
			targetProxy = 803B903624AA7372007394E2 /* PBXContainerItemProxy */;
		};
/* End PBXTargetDependency section */

/* Begin XCBuildConfiguration section */
		803B903A24AA7372007394E2 /* Debug */ = {
			isa = XCBuildConfiguration;
			buildSettings = {
				ASSETCATALOG_COMPILER_GLOBAL_ACCENT_COLOR_NAME = AccentColor;
				ASSETCATALOG_COMPILER_WIDGET_BACKGROUND_COLOR_NAME = WidgetBackground;
				CODE_SIGN_STYLE = Automatic;
				DEVELOPMENT_ASSET_PATHS = "APOD/Preview\\ Content";
				DEVELOPMENT_TEAM = N99JYD94C7;
				INFOPLIST_FILE = "APOD Widget/Info.plist";
				LD_RUNPATH_SEARCH_PATHS = (
					"$(inherited)",
					"@executable_path/Frameworks",
					"@executable_path/../../Frameworks",
				);
				PRODUCT_BUNDLE_IDENTIFIER = "com.Mishima.APOD.APOD-Widget";
				PRODUCT_NAME = "$(TARGET_NAME)";
				SKIP_INSTALL = YES;
				SWIFT_VERSION = 5.0;
				TARGETED_DEVICE_FAMILY = "1,2";
			};
			name = Debug;
		};
		803B903B24AA7372007394E2 /* Release */ = {
			isa = XCBuildConfiguration;
			buildSettings = {
				ASSETCATALOG_COMPILER_GLOBAL_ACCENT_COLOR_NAME = AccentColor;
				ASSETCATALOG_COMPILER_WIDGET_BACKGROUND_COLOR_NAME = WidgetBackground;
				CODE_SIGN_STYLE = Automatic;
				DEVELOPMENT_ASSET_PATHS = "APOD/Preview\\ Content";
				DEVELOPMENT_TEAM = N99JYD94C7;
				INFOPLIST_FILE = "APOD Widget/Info.plist";
				LD_RUNPATH_SEARCH_PATHS = (
					"$(inherited)",
					"@executable_path/Frameworks",
					"@executable_path/../../Frameworks",
				);
				PRODUCT_BUNDLE_IDENTIFIER = "com.Mishima.APOD.APOD-Widget";
				PRODUCT_NAME = "$(TARGET_NAME)";
				SKIP_INSTALL = YES;
				SWIFT_VERSION = 5.0;
				TARGETED_DEVICE_FAMILY = "1,2";
			};
			name = Release;
		};
		8044E8E824A80A2C00924133 /* Debug */ = {
			isa = XCBuildConfiguration;
			buildSettings = {
				ALWAYS_SEARCH_USER_PATHS = NO;
				CLANG_ANALYZER_NONNULL = YES;
				CLANG_ANALYZER_NUMBER_OBJECT_CONVERSION = YES_AGGRESSIVE;
				CLANG_CXX_LANGUAGE_STANDARD = "gnu++14";
				CLANG_CXX_LIBRARY = "libc++";
				CLANG_ENABLE_MODULES = YES;
				CLANG_ENABLE_OBJC_ARC = YES;
				CLANG_ENABLE_OBJC_WEAK = YES;
				CLANG_WARN_BLOCK_CAPTURE_AUTORELEASING = YES;
				CLANG_WARN_BOOL_CONVERSION = YES;
				CLANG_WARN_COMMA = YES;
				CLANG_WARN_CONSTANT_CONVERSION = YES;
				CLANG_WARN_DEPRECATED_OBJC_IMPLEMENTATIONS = YES;
				CLANG_WARN_DIRECT_OBJC_ISA_USAGE = YES_ERROR;
				CLANG_WARN_DOCUMENTATION_COMMENTS = YES;
				CLANG_WARN_EMPTY_BODY = YES;
				CLANG_WARN_ENUM_CONVERSION = YES;
				CLANG_WARN_INFINITE_RECURSION = YES;
				CLANG_WARN_INT_CONVERSION = YES;
				CLANG_WARN_NON_LITERAL_NULL_CONVERSION = YES;
				CLANG_WARN_OBJC_IMPLICIT_RETAIN_SELF = YES;
				CLANG_WARN_OBJC_LITERAL_CONVERSION = YES;
				CLANG_WARN_OBJC_ROOT_CLASS = YES_ERROR;
				CLANG_WARN_QUOTED_INCLUDE_IN_FRAMEWORK_HEADER = YES;
				CLANG_WARN_RANGE_LOOP_ANALYSIS = YES;
				CLANG_WARN_STRICT_PROTOTYPES = YES;
				CLANG_WARN_SUSPICIOUS_MOVE = YES;
				CLANG_WARN_UNGUARDED_AVAILABILITY = YES_AGGRESSIVE;
				CLANG_WARN_UNREACHABLE_CODE = YES;
				CLANG_WARN__DUPLICATE_METHOD_MATCH = YES;
				COPY_PHASE_STRIP = NO;
				DEBUG_INFORMATION_FORMAT = dwarf;
				ENABLE_STRICT_OBJC_MSGSEND = YES;
				ENABLE_TESTABILITY = YES;
				GCC_C_LANGUAGE_STANDARD = gnu11;
				GCC_DYNAMIC_NO_PIC = NO;
				GCC_NO_COMMON_BLOCKS = YES;
				GCC_OPTIMIZATION_LEVEL = 0;
				GCC_PREPROCESSOR_DEFINITIONS = (
					"DEBUG=1",
					"$(inherited)",
				);
				GCC_WARN_64_TO_32_BIT_CONVERSION = YES;
				GCC_WARN_ABOUT_RETURN_TYPE = YES_ERROR;
				GCC_WARN_UNDECLARED_SELECTOR = YES;
				GCC_WARN_UNINITIALIZED_AUTOS = YES_AGGRESSIVE;
				GCC_WARN_UNUSED_FUNCTION = YES;
				GCC_WARN_UNUSED_VARIABLE = YES;
				IPHONEOS_DEPLOYMENT_TARGET = 14.0;
				MTL_ENABLE_DEBUG_INFO = INCLUDE_SOURCE;
				MTL_FAST_MATH = YES;
				ONLY_ACTIVE_ARCH = YES;
				SDKROOT = iphoneos;
				SWIFT_ACTIVE_COMPILATION_CONDITIONS = DEBUG;
				SWIFT_OPTIMIZATION_LEVEL = "-Onone";
			};
			name = Debug;
		};
		8044E8E924A80A2C00924133 /* Release */ = {
			isa = XCBuildConfiguration;
			buildSettings = {
				ALWAYS_SEARCH_USER_PATHS = NO;
				CLANG_ANALYZER_NONNULL = YES;
				CLANG_ANALYZER_NUMBER_OBJECT_CONVERSION = YES_AGGRESSIVE;
				CLANG_CXX_LANGUAGE_STANDARD = "gnu++14";
				CLANG_CXX_LIBRARY = "libc++";
				CLANG_ENABLE_MODULES = YES;
				CLANG_ENABLE_OBJC_ARC = YES;
				CLANG_ENABLE_OBJC_WEAK = YES;
				CLANG_WARN_BLOCK_CAPTURE_AUTORELEASING = YES;
				CLANG_WARN_BOOL_CONVERSION = YES;
				CLANG_WARN_COMMA = YES;
				CLANG_WARN_CONSTANT_CONVERSION = YES;
				CLANG_WARN_DEPRECATED_OBJC_IMPLEMENTATIONS = YES;
				CLANG_WARN_DIRECT_OBJC_ISA_USAGE = YES_ERROR;
				CLANG_WARN_DOCUMENTATION_COMMENTS = YES;
				CLANG_WARN_EMPTY_BODY = YES;
				CLANG_WARN_ENUM_CONVERSION = YES;
				CLANG_WARN_INFINITE_RECURSION = YES;
				CLANG_WARN_INT_CONVERSION = YES;
				CLANG_WARN_NON_LITERAL_NULL_CONVERSION = YES;
				CLANG_WARN_OBJC_IMPLICIT_RETAIN_SELF = YES;
				CLANG_WARN_OBJC_LITERAL_CONVERSION = YES;
				CLANG_WARN_OBJC_ROOT_CLASS = YES_ERROR;
				CLANG_WARN_QUOTED_INCLUDE_IN_FRAMEWORK_HEADER = YES;
				CLANG_WARN_RANGE_LOOP_ANALYSIS = YES;
				CLANG_WARN_STRICT_PROTOTYPES = YES;
				CLANG_WARN_SUSPICIOUS_MOVE = YES;
				CLANG_WARN_UNGUARDED_AVAILABILITY = YES_AGGRESSIVE;
				CLANG_WARN_UNREACHABLE_CODE = YES;
				CLANG_WARN__DUPLICATE_METHOD_MATCH = YES;
				COPY_PHASE_STRIP = NO;
				DEBUG_INFORMATION_FORMAT = "dwarf-with-dsym";
				ENABLE_NS_ASSERTIONS = NO;
				ENABLE_STRICT_OBJC_MSGSEND = YES;
				GCC_C_LANGUAGE_STANDARD = gnu11;
				GCC_NO_COMMON_BLOCKS = YES;
				GCC_WARN_64_TO_32_BIT_CONVERSION = YES;
				GCC_WARN_ABOUT_RETURN_TYPE = YES_ERROR;
				GCC_WARN_UNDECLARED_SELECTOR = YES;
				GCC_WARN_UNINITIALIZED_AUTOS = YES_AGGRESSIVE;
				GCC_WARN_UNUSED_FUNCTION = YES;
				GCC_WARN_UNUSED_VARIABLE = YES;
				IPHONEOS_DEPLOYMENT_TARGET = 14.0;
				MTL_ENABLE_DEBUG_INFO = NO;
				MTL_FAST_MATH = YES;
				SDKROOT = iphoneos;
				SWIFT_COMPILATION_MODE = wholemodule;
				SWIFT_OPTIMIZATION_LEVEL = "-O";
				VALIDATE_PRODUCT = YES;
			};
			name = Release;
		};
		8044E8EB24A80A2C00924133 /* Debug */ = {
			isa = XCBuildConfiguration;
			buildSettings = {
				ALWAYS_EMBED_SWIFT_STANDARD_LIBRARIES = YES;
				ASSETCATALOG_COMPILER_APPICON_NAME = APODAppIcon;
				ASSETCATALOG_COMPILER_GLOBAL_ACCENT_COLOR_NAME = AccentColor;
				CODE_SIGN_STYLE = Automatic;
				DEVELOPMENT_ASSET_PATHS = "\"APOD/Preview Content\"";
				DEVELOPMENT_TEAM = N99JYD94C7;
				ENABLE_PREVIEWS = YES;
				INFOPLIST_FILE = APOD/Info.plist;
				IPHONEOS_DEPLOYMENT_TARGET = 14.0;
				LD_RUNPATH_SEARCH_PATHS = (
					"$(inherited)",
					"@executable_path/Frameworks",
				);
				PRODUCT_BUNDLE_IDENTIFIER = com.Mishima.APOD;
				PRODUCT_NAME = "$(TARGET_NAME)";
				SWIFT_VERSION = 5.0;
				TARGETED_DEVICE_FAMILY = "1,2";
			};
			name = Debug;
		};
		8044E8EC24A80A2C00924133 /* Release */ = {
			isa = XCBuildConfiguration;
			buildSettings = {
				ALWAYS_EMBED_SWIFT_STANDARD_LIBRARIES = YES;
				ASSETCATALOG_COMPILER_APPICON_NAME = APODAppIcon;
				ASSETCATALOG_COMPILER_GLOBAL_ACCENT_COLOR_NAME = AccentColor;
				CODE_SIGN_STYLE = Automatic;
				DEVELOPMENT_ASSET_PATHS = "\"APOD/Preview Content\"";
				DEVELOPMENT_TEAM = N99JYD94C7;
				ENABLE_PREVIEWS = YES;
				INFOPLIST_FILE = APOD/Info.plist;
				IPHONEOS_DEPLOYMENT_TARGET = 14.0;
				LD_RUNPATH_SEARCH_PATHS = (
					"$(inherited)",
					"@executable_path/Frameworks",
				);
				PRODUCT_BUNDLE_IDENTIFIER = com.Mishima.APOD;
				PRODUCT_NAME = "$(TARGET_NAME)";
				SWIFT_VERSION = 5.0;
				TARGETED_DEVICE_FAMILY = "1,2";
			};
			name = Release;
		};
/* End XCBuildConfiguration section */

/* Begin XCConfigurationList section */
		803B903924AA7372007394E2 /* Build configuration list for PBXNativeTarget "APOD WidgetExtension" */ = {
			isa = XCConfigurationList;
			buildConfigurations = (
				803B903A24AA7372007394E2 /* Debug */,
				803B903B24AA7372007394E2 /* Release */,
			);
			defaultConfigurationIsVisible = 0;
			defaultConfigurationName = Release;
		};
		8044E8D624A80A1800924133 /* Build configuration list for PBXProject "APOD" */ = {
			isa = XCConfigurationList;
			buildConfigurations = (
				8044E8E824A80A2C00924133 /* Debug */,
				8044E8E924A80A2C00924133 /* Release */,
			);
			defaultConfigurationIsVisible = 0;
			defaultConfigurationName = Release;
		};
		8044E8EA24A80A2C00924133 /* Build configuration list for PBXNativeTarget "APOD" */ = {
			isa = XCConfigurationList;
			buildConfigurations = (
				8044E8EB24A80A2C00924133 /* Debug */,
				8044E8EC24A80A2C00924133 /* Release */,
			);
			defaultConfigurationIsVisible = 0;
			defaultConfigurationName = Release;
		};
/* End XCConfigurationList section */
	};
	rootObject = 8044E8D324A80A1800924133 /* Project object */;
}
